
Microsoft Visual Studio Solution File, Format Version 12.00
# Visual Studio Version 16
VisualStudioVersion = 16.0.31624.102
MinimumVisualStudioVersion = 10.0.40219.1
Project("{9A19103F-16F7-4668-BE54-9A1E7A4F7556}") = "lab-1", "Programowanie objektowe WSEI\lab-1.csproj", "{9D9F350A-EF38-462B-9025-C6E67C82243D}"
EndProject
Project("{9A19103F-16F7-4668-BE54-9A1E7A4F7556}") = "lab-2", "lab-2\lab-2.csproj", "{96C1D345-78C8-42EC-9D20-47CC49F56B8C}"
EndProject
Project("{9A19103F-16F7-4668-BE54-9A1E7A4F7556}") = "lab3", "lab3\lab3.csproj", "{87955130-DA28-40E6-A527-93C029B310EA}"
EndProject
Project("{9A19103F-16F7-4668-BE54-9A1E7A4F7556}") = "lab-4", "lab-4\lab-4.csproj", "{68A5E4B3-6A1B-4002-9437-D0D059482A29}"
EndProject
Project("{9A19103F-16F7-4668-BE54-9A1E7A4F7556}") = "Lab-7", "Lab-7\Lab-7.csproj", "{80BF7C0A-24BB-424F-BA0E-0A3DD7DF9FB1}"
EndProject
Project("{9A19103F-16F7-4668-BE54-9A1E7A4F7556}") = "Lab7 zadanie", "Lab7 zadanie\Lab7 zadanie.csproj", "{7718D4BF-3D47-4F19-84CD-574BEA1278B5}"
EndProject
Project("{9A19103F-16F7-4668-BE54-9A1E7A4F7556}") = "Lab8", "Lab8\Lab8.csproj", "{B845676B-0F54-4166-9EF3-DC406989A494}"
EndProject
Project("{FAE04EC0-301F-11D3-BF4B-00C04F79EFBC}") = "Lab 9", "Lab 9\Lab 9.csproj", "{70B91687-78C7-4370-86B9-DEC1FFBEAC40}"
EndProject
Project("{FAE04EC0-301F-11D3-BF4B-00C04F79EFBC}") = "Lab4_Zadanie", "Lab4_Zadanie\Lab4_Zadanie.csproj", "{2E34859B-6EE9-4290-8CFA-5F80D23B9BA0}"
EndProject
Project("{FAE04EC0-301F-11D3-BF4B-00C04F79EFBC}") = "Lab5_Zadanie", "Lab5_Zadanie\Lab5_Zadanie.csproj", "{17086353-11BC-4306-AE5D-3C8696A43770}"
EndProject
Global
	GlobalSection(SolutionConfigurationPlatforms) = preSolution
		Debug|Any CPU = Debug|Any CPU
		Release|Any CPU = Release|Any CPU
	EndGlobalSection
	GlobalSection(ProjectConfigurationPlatforms) = postSolution
		{9D9F350A-EF38-462B-9025-C6E67C82243D}.Debug|Any CPU.ActiveCfg = Debug|Any CPU
		{9D9F350A-EF38-462B-9025-C6E67C82243D}.Debug|Any CPU.Build.0 = Debug|Any CPU
		{9D9F350A-EF38-462B-9025-C6E67C82243D}.Release|Any CPU.ActiveCfg = Release|Any CPU
		{9D9F350A-EF38-462B-9025-C6E67C82243D}.Release|Any CPU.Build.0 = Release|Any CPU
		{96C1D345-78C8-42EC-9D20-47CC49F56B8C}.Debug|Any CPU.ActiveCfg = Debug|Any CPU
		{96C1D345-78C8-42EC-9D20-47CC49F56B8C}.Debug|Any CPU.Build.0 = Debug|Any CPU
		{96C1D345-78C8-42EC-9D20-47CC49F56B8C}.Release|Any CPU.ActiveCfg = Release|Any CPU
		{96C1D345-78C8-42EC-9D20-47CC49F56B8C}.Release|Any CPU.Build.0 = Release|Any CPU
		{87955130-DA28-40E6-A527-93C029B310EA}.Debug|Any CPU.ActiveCfg = Debug|Any CPU
		{87955130-DA28-40E6-A527-93C029B310EA}.Debug|Any CPU.Build.0 = Debug|Any CPU
		{87955130-DA28-40E6-A527-93C029B310EA}.Release|Any CPU.ActiveCfg = Release|Any CPU
		{87955130-DA28-40E6-A527-93C029B310EA}.Release|Any CPU.Build.0 = Release|Any CPU
		{68A5E4B3-6A1B-4002-9437-D0D059482A29}.Debug|Any CPU.ActiveCfg = Debug|Any CPU
		{68A5E4B3-6A1B-4002-9437-D0D059482A29}.Debug|Any CPU.Build.0 = Debug|Any CPU
		{68A5E4B3-6A1B-4002-9437-D0D059482A29}.Release|Any CPU.ActiveCfg = Release|Any CPU
		{68A5E4B3-6A1B-4002-9437-D0D059482A29}.Release|Any CPU.Build.0 = Release|Any CPU
		{80BF7C0A-24BB-424F-BA0E-0A3DD7DF9FB1}.Debug|Any CPU.ActiveCfg = Debug|Any CPU
		{80BF7C0A-24BB-424F-BA0E-0A3DD7DF9FB1}.Debug|Any CPU.Build.0 = Debug|Any CPU
		{80BF7C0A-24BB-424F-BA0E-0A3DD7DF9FB1}.Release|Any CPU.ActiveCfg = Release|Any CPU
		{80BF7C0A-24BB-424F-BA0E-0A3DD7DF9FB1}.Release|Any CPU.Build.0 = Release|Any CPU
		{7718D4BF-3D47-4F19-84CD-574BEA1278B5}.Debug|Any CPU.ActiveCfg = Debug|Any CPU
		{7718D4BF-3D47-4F19-84CD-574BEA1278B5}.Debug|Any CPU.Build.0 = Debug|Any CPU
		{7718D4BF-3D47-4F19-84CD-574BEA1278B5}.Release|Any CPU.ActiveCfg = Release|Any CPU
		{7718D4BF-3D47-4F19-84CD-574BEA1278B5}.Release|Any CPU.Build.0 = Release|Any CPU
		{B845676B-0F54-4166-9EF3-DC406989A494}.Debug|Any CPU.ActiveCfg = Debug|Any CPU
		{B845676B-0F54-4166-9EF3-DC406989A494}.Debug|Any CPU.Build.0 = Debug|Any CPU
		{B845676B-0F54-4166-9EF3-DC406989A494}.Release|Any CPU.ActiveCfg = Release|Any CPU
		{B845676B-0F54-4166-9EF3-DC406989A494}.Release|Any CPU.Build.0 = Release|Any CPU
		{70B91687-78C7-4370-86B9-DEC1FFBEAC40}.Debug|Any CPU.ActiveCfg = Debug|Any CPU
		{70B91687-78C7-4370-86B9-DEC1FFBEAC40}.Debug|Any CPU.Build.0 = Debug|Any CPU
		{70B91687-78C7-4370-86B9-DEC1FFBEAC40}.Release|Any CPU.ActiveCfg = Release|Any CPU
		{70B91687-78C7-4370-86B9-DEC1FFBEAC40}.Release|Any CPU.Build.0 = Release|Any CPU
		{2E34859B-6EE9-4290-8CFA-5F80D23B9BA0}.Debug|Any CPU.ActiveCfg = Debug|Any CPU
		{2E34859B-6EE9-4290-8CFA-5F80D23B9BA0}.Debug|Any CPU.Build.0 = Debug|Any CPU
		{2E34859B-6EE9-4290-8CFA-5F80D23B9BA0}.Release|Any CPU.ActiveCfg = Release|Any CPU
		{2E34859B-6EE9-4290-8CFA-5F80D23B9BA0}.Release|Any CPU.Build.0 = Release|Any CPU
		{17086353-11BC-4306-AE5D-3C8696A43770}.Debug|Any CPU.ActiveCfg = Debug|Any CPU
		{17086353-11BC-4306-AE5D-3C8696A43770}.Debug|Any CPU.Build.0 = Debug|Any CPU
		{17086353-11BC-4306-AE5D-3C8696A43770}.Release|Any CPU.ActiveCfg = Release|Any CPU
		{17086353-11BC-4306-AE5D-3C8696A43770}.Release|Any CPU.Build.0 = Release|Any CPU
	EndGlobalSection
	GlobalSection(SolutionProperties) = preSolution
		HideSolutionNode = FALSE
	EndGlobalSection
	GlobalSection(ExtensibilityGlobals) = postSolution
		SolutionGuid = {1C3D0224-FDB1-4A84-8593-EEC2BAFB50B1}
	EndGlobalSection
EndGlobal
