
Microsoft Visual Studio Solution File, Format Version 12.00
# Visual Studio Version 16
VisualStudioVersion = 16.0.31624.102
MinimumVisualStudioVersion = 10.0.40219.1
Project("{FAE04EC0-301F-11D3-BF4B-00C04F79EFBC}") = "Aplikacja", "Aplikacja\Aplikacja.csproj", "{374E7A7D-8D2B-4EEB-B9AA-14E4FF5B8CF2}"
EndProject
Global
	GlobalSection(SolutionConfigurationPlatforms) = preSolution
		Debug|Any CPU = Debug|Any CPU
		Release|Any CPU = Release|Any CPU
	EndGlobalSection
	GlobalSection(ProjectConfigurationPlatforms) = postSolution
		{374E7A7D-8D2B-4EEB-B9AA-14E4FF5B8CF2}.Debug|Any CPU.ActiveCfg = Debug|Any CPU
		{374E7A7D-8D2B-4EEB-B9AA-14E4FF5B8CF2}.Debug|Any CPU.Build.0 = Debug|Any CPU
		{374E7A7D-8D2B-4EEB-B9AA-14E4FF5B8CF2}.Release|Any CPU.ActiveCfg = Release|Any CPU
		{374E7A7D-8D2B-4EEB-B9AA-14E4FF5B8CF2}.Release|Any CPU.Build.0 = Release|Any CPU
	EndGlobalSection
	GlobalSection(SolutionProperties) = preSolution
		HideSolutionNode = FALSE
	EndGlobalSection
	GlobalSection(ExtensibilityGlobals) = postSolution
		SolutionGuid = {7118D7C2-3FA0-4AB1-A523-2A4BCA847444}
	EndGlobalSection
EndGlobal
